github.com/BurntSushi/toml v0.4.1 h1:GaI7EiDXDRfa8VshkTj7Fym7ha+y8/XxIgD2okUIjLw=
github.com/BurntSushi/toml v0.4.1/go.mod h1:CxXYINrC8qIiEnFrOxCa7Jy5BFHlXnUU2pbicEuybxQ=
github.com/denisenkom/go-mssqldb v0.9.0/go.mod h1:xbL0rPBG9cCiLr28tMa8zpbdarY27NDyej4t/EjAShU=
github.com/fsnotify/fsnotify v1.5.1 h1:mZcQUHVQUQWoPXXtuf9yuEXKudkV2sx1E06UadKWpgI=
github.com/fsnotify/fsnotify v1.5.1/go.mod h1:T3375wBYaZdLLcVNkcVbzGHY7f1l/uK5T5Ai1i3InKU=
github.com/go-sql-driver/mysql v1.5.0 h1:ozyZYNQW3x3HtqT1jira07DN2PArx2v7/mN66gGcHOs=
github.com/go-sql-driver/mysql v1.5.0/go.mod h1:DCzpHaOWr8IXmIStZouvnhqoel9Qv2LBy8hT2VhHyBg=
github.com/golang-sql/civil v0.0.0-20190719163853-cb61b32ac6fe/go.mod h1:8vg3r2VgvsThLBIFL93Qb5yWzgyZWhEmBwUJWevAkK0=
github.com/gomodule/redigo v2.0.0+incompatible/go.mod h1:B4C85qUVwatsJoIUNIfCRsp7qO0iAmpGFZ4EELWSbC4=
github.com/herb-go/datasource v0.0.0-20201124135106-df914dd955dd/go.mod h1:LwVuC9ian/wLoaNe9HSrqfGsK8Y6hc6lBg3AMhD8ozk=
github.com/herb-go/datasource v0.0.0-20211122123843-a3546acd0d8d h1:FnyR7t0dmvpeZ24jldt2LwNlmqumTUNxEZlmO10Ka9M=
github.com/herb-go/datasource v0.0.0-20211122123843-a3546acd0d8d/go.mod h1:VFDCNa6YNGvEy3YPg9cBdr2aYFEQagXVXbqfU8zwzb4=
github.com/herb-go/datasource-drivers v0.0.0-20201011165914-7717acb90545 h1:WyV3ABpu5GhTxeJe2yYrCi5NZSgox4tdnfRCQiYvLBg=
github.com/herb-go/datasource-drivers v0.0.0-20201011165914-7717acb90545/go.mod h1:ANYyxzgRT+z0jfCswVTJ4bWKdT9sBsnPzASfc/YJzwE=
github.com/herb-go/deprecated v0.0.0-20211208162728-2c17daf04a11 h1:G/TtzXMPtaV/lXa9r2J9UrMVCvaMd/7foCDieAYc/Uo=
github.com/herb-go/deprecated v0.0.0-20211208162728-2c17daf04a11/go.mod h1:k28Z2bVHWkVqEngFAm0nQAIRdDCXfs+40FN7xYtHt1o=
github.com/herb-go/events v0.0.0-20201208131041-0345a1e2578a h1:P0FwnBG01w/x+Nb0NbEDMPKCO/X/6+vaJ3MjgYyIqM8=
github.com/herb-go/events v0.0.0-20201208131041-0345a1e2578a/go.mod h1:ZzP/ImyzQER+p6eBPYOZ0mbpjORKMEUx+R6JX7CPbw8=
github.com/herb-go/herb v0.0.0-20211208162721-3915598f7a40 h1:a9dfJxaycwsElHsHFPtJ5VfMxokPY8UUdCB9EeG14uM=
github.com/herb-go/herb v0.0.0-20211208162721-3915598f7a40/go.mod h1:epDwnEWl9B23uBEKz8mLk0GuHm04MSp4rnIZev0wiwA=
github.com/herb-go/herb-drivers v0.0.0-20210401170439-32eb00e8f0d5 h1:bYs8pCWVDu6lIALEQ87v+L3tX/3FVgcug4itUPtoUss=
github.com/herb-go/herb-drivers v0.0.0-20210401170439-32eb00e8f0d5/go.mod h1:LWVMZGHn4+7pXIFd30oLj36zSwLomKxWiWFsF+vY0ZQ=
github.com/herb-go/herbconfig v0.0.0-20210201131438-44d8e331b703 h1:aEnFmsx4aq/edjRn7bw58LAxR52X9oouWeEE//SgIpg=
github.com/herb-go/herbconfig v0.0.0-20210201131438-44d8e331b703/go.mod h1:Ws/99AdD6PWdGzCoVvqaPMU/qgJJxJTBykFz+20sd/E=
github.com/herb-go/herbmodule-drivers v0.0.0-20211014162935-8125fc21e8d0 h1:mJHmkDEvgKam87dXvycubjS7jRNfX2ywolrVt9LhlOc=
github.com/herb-go/herbmodule-drivers v0.0.0-20211014162935-8125fc21e8d0/go.mod h1:kGFqnUOp5fE9lnr5IHIBNEaFvMDS+tdpFW/EOA+Vl9g=
github.com/herb-go/herbmodules v0.0.0-20211210142600-1d895f274e1a h1:b9xEZkfZLf3Qg1RlqiUOvcnvelnKUkl0zc6psJpXuRA=
github.com/herb-go/herbmodules v0.0.0-20211210142600-1d895f274e1a/go.mod h1:zqB9pre6E4ksoas+kUJ3uja47OEMp2HPU4gfBZFvT1o=
github.com/herb-go/herbsecurity v0.0.0-20210518130010-5aca00c8cb23 h1:zRWOZTMT2tFhuo4sN23ajj06Nyc2CvFMJgeU6gM3h5Q=
github.com/herb-go/herbsecurity v0.0.0-20210518130010-5aca00c8cb23/go.mod h1:3qTDE6F//Y8r1GnVvVZuTi3TUnRY/KbbehEJBpSt9uU=
github.com/herb-go/logger v0.0.0-20210115164802-8259bb9dcc90 h1:bgr4Q5iG44ihO3NZK109xh3QMR5+r6q2Q9hWJhvMJcU=
github.com/herb-go/logger v0.0.0-20210115164802-8259bb9dcc90/go.mod h1:Unbyc9sDRQawPLG4O6/AgqLF6/n/T7X58ft3QJOwuCI=
github.com/herb-go/misc v0.0.0-20211126182020-07f86379a857 h1:ffMPa0PMee7U+TDhacohhKmvsty5ORsYrfsL/ZMsoP8=
github.com/herb-go/misc v0.0.0-20211126182020-07f86379a857/go.mod h1:BN0WWQ5UZCd37QpMXm2qXx55Eqonjioa0eQ+VgOivsY=
github.com/herb-go/providers v0.0.0-20211201155619-c92b12fe5194 h1:f3d4c2R2oCWyRXfE7X90pyGg3imDkpF4x6fT9s50EsA=
github.com/herb-go/providers v0.0.0-20211201155619-c92b12fe5194/go.mod h1:IbLhkkypNIKkqnhL6US5zyFbUFRyH4mtWwYgd9P8+Uk=
github.com/herb-go/uniqueid v0.0.0-20210304163719-ac56f6357531 h1:api8pHgzqqq99X56e+80gP06jd54ARx562YoGrmRMYQ=
github.com/herb-go/uniqueid v0.0.0-20210304163719-ac56f6357531/go.mod h1:Anvh+YXng5fWGXy9Y6oWcTUUYQlXHzgeVh/0as237EM=
github.com/herb-go/util v0.0.0-20211222163651-885e0ee2aad0 h1:aVjVXPEzCR0YOJgf7v3u10X6pP5u6fh2K/17al5QpBA=
github.com/herb-go/util v0.0.0-20211222163651-885e0ee2aad0/go.mod h1:lhVdeH5IRD13aZn8ca5h6lq/ABDC9cFbfuXJfHK3oxo=
github.com/herb-go/worker v0.0.0-20210318151232-dbaf101c7d73 h1:SipUePmeYLlptd3NgikXBg8ebHEo8IZFaq91UdaiWt0=
github.com/herb-go/worker v0.0.0-20210318151232-dbaf101c7d73/go.mod h1:EuxhyAY14GgxIAKMDACoGzel9Of+11mDhWGrl7fkbQo=
github.com/julienschmidt/httprouter v1.3.0 h1:U0609e9tgbseu3rBINet9P48AI/D3oJs4dN7jwJOQ1U=
github.com/julienschmidt/httprouter v1.3.0/go.mod h1:JR6WtHb+2LUe8TCKY3cZOxFyyO8IZAc4RVcycCCAKdM=
github.com/lib/pq v1.9.0/go.mod h1:AlVN5x4E4T544tWzH6hKfbfQvm3HdbOxrmggDNAPY9o=
github.com/mattn/go-sqlite3 v1.14.6/go.mod h1:NyWgC/yNuGj7Q9rpYnZvas74GogHl5/Z4A/KQRfk6bU=
golang.org/x/crypto v0.0.0-20190325154230-a5d413f7728c/go.mod h1:djNgcEr1/C05ACkg1iLfiJU5Ep61QUkGW8qpdssI0+w=
golang.org/x/net v0.0.0-20220111093109-d55c255bac03 h1:0FB83qp0AzVJm+0wcIlauAjJ+tNdh7jLuacRYCIVv7s=
golang.org/x/net v0.0.0-20220111093109-d55c255bac03/go.mod h1:9nx3DQGgdP8bBQD5qxJ1jj9UTztislL4KSBs9R2vV5Y=
golang.org/x/sys v0.0.0-20190215142949-d0b11bdaac8a/go.mod h1:STP8DvDyc/dI5b8T5hshtkjS+E42TnysNCUPdjciGhY=
golang.org/x/sys v0.0.0-20201119102817-f84b799fce68/go.mod h1:h1NjWce9XRLGQEsW7wpKNCjG9DtNlClVuFLEZdDNbEs=
golang.org/x/sys v0.0.0-20210423082822-04245dca01da/go.mod h1:h1NjWce9XRLGQEsW7wpKNCjG9DtNlClVuFLEZdDNbEs=
golang.org/x/sys v0.0.0-20210630005230-0f9fa26af87c h1:F1jZWGFhYfh0Ci55sIpILtKKK8p3i2/krTr0H1rg74I=
golang.org/x/sys v0.0.0-20210630005230-0f9fa26af87c/go.mod h1:oPkhp1MJrh7nUepCBck5+mAzfO9JrbApNNgaTdGDITg=
golang.org/x/term v0.0.0-20201126162022-7de9c90e9dd1/go.mod h1:bj7SfCRtBDWHUb9snDiAeCFNEtKQo2Wmx5Cou7ajbmo=
golang.org/x/text v0.3.6/go.mod h1:5Zoc/QRtKVWzQhOtBMvqHzDpF6irO9z98xDceosuGiQ=
golang.org/x/tools v0.0.0-20180917221912-90fa682c2a6e/go.mod h1:n7NCudcB/nEzxVGmLbDWY5pfWTLqBcC2KZ6jyYvM4mQ=
